
Microsoft Visual Studio Solution File, Format Version 12.00
# Visual Studio Version 17
VisualStudioVersion = 17.7.34018.315
MinimumVisualStudioVersion = 10.0.40219.1
Project("{2150E333-8FDC-42A3-9474-1A3956D46DE8}") = "src", "src", "{2F8B2C01-5A16-4423-B2B1-CFF05C5291E4}"
EndProject
Project("{9A19103F-16F7-4668-BE54-9A1E7A4F7556}") = "ApplicationCore", "src\ApplicationCore\ApplicationCore.csproj", "{4015BDF3-6F6B-4627-8C2E-141AC00FE5F6}"
EndProject
Project("{9A19103F-16F7-4668-BE54-9A1E7A4F7556}") = "HomePad", "src\HomePad\HomePad.csproj", "{2951E40E-12C4-47C0-B81B-43540C34648F}"
EndProject
Project("{9A19103F-16F7-4668-BE54-9A1E7A4F7556}") = "Infrastructure", "src\Infrastructure\Infrastructure.csproj", "{C8626C29-8037-42B0-898E-9002ED534C99}"
EndProject
Global
	GlobalSection(SolutionConfigurationPlatforms) = preSolution
		Debug|Any CPU = Debug|Any CPU
		Release|Any CPU = Release|Any CPU
	EndGlobalSection
	GlobalSection(ProjectConfigurationPlatforms) = postSolution
		{4015BDF3-6F6B-4627-8C2E-141AC00FE5F6}.Debug|Any CPU.ActiveCfg = Debug|Any CPU
		{4015BDF3-6F6B-4627-8C2E-141AC00FE5F6}.Debug|Any CPU.Build.0 = Debug|Any CPU
		{4015BDF3-6F6B-4627-8C2E-141AC00FE5F6}.Release|Any CPU.ActiveCfg = Release|Any CPU
		{4015BDF3-6F6B-4627-8C2E-141AC00FE5F6}.Release|Any CPU.Build.0 = Release|Any CPU
		{2951E40E-12C4-47C0-B81B-43540C34648F}.Debug|Any CPU.ActiveCfg = Debug|Any CPU
		{2951E40E-12C4-47C0-B81B-43540C34648F}.Debug|Any CPU.Build.0 = Debug|Any CPU
		{2951E40E-12C4-47C0-B81B-43540C34648F}.Release|Any CPU.ActiveCfg = Release|Any CPU
		{2951E40E-12C4-47C0-B81B-43540C34648F}.Release|Any CPU.Build.0 = Release|Any CPU
		{C8626C29-8037-42B0-898E-9002ED534C99}.Debug|Any CPU.ActiveCfg = Debug|Any CPU
		{C8626C29-8037-42B0-898E-9002ED534C99}.Debug|Any CPU.Build.0 = Debug|Any CPU
		{C8626C29-8037-42B0-898E-9002ED534C99}.Release|Any CPU.ActiveCfg = Release|Any CPU
		{C8626C29-8037-42B0-898E-9002ED534C99}.Release|Any CPU.Build.0 = Release|Any CPU
	EndGlobalSection
	GlobalSection(SolutionProperties) = preSolution
		HideSolutionNode = FALSE
	EndGlobalSection
	GlobalSection(NestedProjects) = preSolution
		{4015BDF3-6F6B-4627-8C2E-141AC00FE5F6} = {2F8B2C01-5A16-4423-B2B1-CFF05C5291E4}
		{2951E40E-12C4-47C0-B81B-43540C34648F} = {2F8B2C01-5A16-4423-B2B1-CFF05C5291E4}
		{C8626C29-8037-42B0-898E-9002ED534C99} = {2F8B2C01-5A16-4423-B2B1-CFF05C5291E4}
	EndGlobalSection
	GlobalSection(ExtensibilityGlobals) = postSolution
		SolutionGuid = {ADA40ED2-D681-4901-9A49-DD197B44798F}
	EndGlobalSection
EndGlobal
